
Microsoft Visual Studio Solution File, Format Version 12.00
# Visual Studio 15
VisualStudioVersion = 15.0.27130.2024
MinimumVisualStudioVersion = 10.0.40219.1
Project("{FAE04EC0-301F-11D3-BF4B-00C04F79EFBC}") = "Cryptaxation", "Cryptaxation\Cryptaxation.csproj", "{786E29A5-7B2D-4BBF-8F2F-3D2E7739F9C6}"
EndProject
Global
	GlobalSection(SolutionConfigurationPlatforms) = preSolution
		Debug|Any CPU = Debug|Any CPU
		Release|Any CPU = Release|Any CPU
	EndGlobalSection
	GlobalSection(ProjectConfigurationPlatforms) = postSolution
		{786E29A5-7B2D-4BBF-8F2F-3D2E7739F9C6}.Debug|Any CPU.ActiveCfg = Debug|Any CPU
		{786E29A5-7B2D-4BBF-8F2F-3D2E7739F9C6}.Debug|Any CPU.Build.0 = Debug|Any CPU
		{786E29A5-7B2D-4BBF-8F2F-3D2E7739F9C6}.Release|Any CPU.ActiveCfg = Release|Any CPU
		{786E29A5-7B2D-4BBF-8F2F-3D2E7739F9C6}.Release|Any CPU.Build.0 = Release|Any CPU
	EndGlobalSection
	GlobalSection(SolutionProperties) = preSolution
		HideSolutionNode = FALSE
	EndGlobalSection
	GlobalSection(ExtensibilityGlobals) = postSolution
		SolutionGuid = {E5D9A5B9-840F-4A7F-97E5-898E4CBAEC92}
	EndGlobalSection
EndGlobal
